
Microsoft Visual Studio Solution File, Format Version 12.00
# Visual Studio Version 16
VisualStudioVersion = 16.0.29806.167
MinimumVisualStudioVersion = 10.0.40219.1
Project("{2150E333-8FDC-42A3-9474-1A3956D46DE8}") = "10 - Application", "10 - Application", "{C04A36AB-3973-4253-9329-0CA77480D597}"
EndProject
Project("{2150E333-8FDC-42A3-9474-1A3956D46DE8}") = "20 - Business", "20 - Business", "{4BF62A59-7A4C-45D4-8CD7-8AC85DE7BFA4}"
EndProject
Project("{2150E333-8FDC-42A3-9474-1A3956D46DE8}") = "30 - Domain", "30 - Domain", "{013ADCBA-7E31-4C82-B288-6F0529FEDB53}"
EndProject
Project("{2150E333-8FDC-42A3-9474-1A3956D46DE8}") = "40 - Infra", "40 - Infra", "{F3D641F8-5E9E-4271-B71C-999883D2F163}"
EndProject
Project("{2150E333-8FDC-42A3-9474-1A3956D46DE8}") = "50 - Shared", "50 - Shared", "{D76F9DBF-D83C-4400-A868-7CAA9C5766C4}"
EndProject
Project("{FAE04EC0-301F-11D3-BF4B-00C04F79EFBC}") = "ModeloDDD.Domain", "ModeloDDD.Domain\ModeloDDD.Domain.csproj", "{04DAD0B3-9A0F-41E7-B4D5-C6A0188C0DE4}"
EndProject
Project("{FAE04EC0-301F-11D3-BF4B-00C04F79EFBC}") = "ModeloDDD.Infra", "ModeloDDD.Infra\ModeloDDD.Infra.csproj", "{515EDBAF-2FD9-4A73-B42A-7CBC2634520A}"
EndProject
Project("{FAE04EC0-301F-11D3-BF4B-00C04F79EFBC}") = "ModeloDDD.Business", "ModeloDDD.Business\ModeloDDD.Business.csproj", "{E6D60D0B-B333-434E-BF21-77F560EF587E}"
EndProject
Project("{FAE04EC0-301F-11D3-BF4B-00C04F79EFBC}") = "ModeloDDD.Shared", "ModeloDDD.Shared\ModeloDDD.Shared.csproj", "{EB8D6BAE-F82A-4762-84B9-BFE5B08F70C1}"
EndProject
Project("{FAE04EC0-301F-11D3-BF4B-00C04F79EFBC}") = "ModeloDDD.MVC", "ModeloDDD.MVC\ModeloDDD.MVC.csproj", "{4A959C13-4F6F-4B49-8195-D9EEB4F9097C}"
EndProject
Project("{FAE04EC0-301F-11D3-BF4B-00C04F79EFBC}") = "ModeloDDD.API", "ModeloDDD.API\ModeloDDD.API.csproj", "{187FB133-24E6-46AC-985A-8C3617BD669D}"
EndProject
Global
	GlobalSection(SolutionConfigurationPlatforms) = preSolution
		Debug|Any CPU = Debug|Any CPU
		Release|Any CPU = Release|Any CPU
	EndGlobalSection
	GlobalSection(ProjectConfigurationPlatforms) = postSolution
		{04DAD0B3-9A0F-41E7-B4D5-C6A0188C0DE4}.Debug|Any CPU.ActiveCfg = Debug|Any CPU
		{04DAD0B3-9A0F-41E7-B4D5-C6A0188C0DE4}.Debug|Any CPU.Build.0 = Debug|Any CPU
		{04DAD0B3-9A0F-41E7-B4D5-C6A0188C0DE4}.Release|Any CPU.ActiveCfg = Release|Any CPU
		{04DAD0B3-9A0F-41E7-B4D5-C6A0188C0DE4}.Release|Any CPU.Build.0 = Release|Any CPU
		{515EDBAF-2FD9-4A73-B42A-7CBC2634520A}.Debug|Any CPU.ActiveCfg = Debug|Any CPU
		{515EDBAF-2FD9-4A73-B42A-7CBC2634520A}.Debug|Any CPU.Build.0 = Debug|Any CPU
		{515EDBAF-2FD9-4A73-B42A-7CBC2634520A}.Release|Any CPU.ActiveCfg = Release|Any CPU
		{515EDBAF-2FD9-4A73-B42A-7CBC2634520A}.Release|Any CPU.Build.0 = Release|Any CPU
		{E6D60D0B-B333-434E-BF21-77F560EF587E}.Debug|Any CPU.ActiveCfg = Debug|Any CPU
		{E6D60D0B-B333-434E-BF21-77F560EF587E}.Debug|Any CPU.Build.0 = Debug|Any CPU
		{E6D60D0B-B333-434E-BF21-77F560EF587E}.Release|Any CPU.ActiveCfg = Release|Any CPU
		{E6D60D0B-B333-434E-BF21-77F560EF587E}.Release|Any CPU.Build.0 = Release|Any CPU
		{EB8D6BAE-F82A-4762-84B9-BFE5B08F70C1}.Debug|Any CPU.ActiveCfg = Debug|Any CPU
		{EB8D6BAE-F82A-4762-84B9-BFE5B08F70C1}.Debug|Any CPU.Build.0 = Debug|Any CPU
		{EB8D6BAE-F82A-4762-84B9-BFE5B08F70C1}.Release|Any CPU.ActiveCfg = Release|Any CPU
		{EB8D6BAE-F82A-4762-84B9-BFE5B08F70C1}.Release|Any CPU.Build.0 = Release|Any CPU
		{4A959C13-4F6F-4B49-8195-D9EEB4F9097C}.Debug|Any CPU.ActiveCfg = Debug|Any CPU
		{4A959C13-4F6F-4B49-8195-D9EEB4F9097C}.Debug|Any CPU.Build.0 = Debug|Any CPU
		{4A959C13-4F6F-4B49-8195-D9EEB4F9097C}.Release|Any CPU.ActiveCfg = Release|Any CPU
		{4A959C13-4F6F-4B49-8195-D9EEB4F9097C}.Release|Any CPU.Build.0 = Release|Any CPU
		{187FB133-24E6-46AC-985A-8C3617BD669D}.Debug|Any CPU.ActiveCfg = Debug|Any CPU
		{187FB133-24E6-46AC-985A-8C3617BD669D}.Debug|Any CPU.Build.0 = Debug|Any CPU
		{187FB133-24E6-46AC-985A-8C3617BD669D}.Release|Any CPU.ActiveCfg = Release|Any CPU
		{187FB133-24E6-46AC-985A-8C3617BD669D}.Release|Any CPU.Build.0 = Release|Any CPU
	EndGlobalSection
	GlobalSection(SolutionProperties) = preSolution
		HideSolutionNode = FALSE
	EndGlobalSection
	GlobalSection(NestedProjects) = preSolution
		{04DAD0B3-9A0F-41E7-B4D5-C6A0188C0DE4} = {013ADCBA-7E31-4C82-B288-6F0529FEDB53}
		{515EDBAF-2FD9-4A73-B42A-7CBC2634520A} = {F3D641F8-5E9E-4271-B71C-999883D2F163}
		{E6D60D0B-B333-434E-BF21-77F560EF587E} = {4BF62A59-7A4C-45D4-8CD7-8AC85DE7BFA4}
		{EB8D6BAE-F82A-4762-84B9-BFE5B08F70C1} = {D76F9DBF-D83C-4400-A868-7CAA9C5766C4}
		{4A959C13-4F6F-4B49-8195-D9EEB4F9097C} = {C04A36AB-3973-4253-9329-0CA77480D597}
		{187FB133-24E6-46AC-985A-8C3617BD669D} = {C04A36AB-3973-4253-9329-0CA77480D597}
	EndGlobalSection
	GlobalSection(ExtensibilityGlobals) = postSolution
		SolutionGuid = {3638CFA3-92F0-4C7A-97FB-1CA8A41A2CDD}
	EndGlobalSection
EndGlobal
